{
  "name": "zefio-landing",
  "lockfileVersion": 2,
  "requires": true,
  "packages": {
    "": {
      "name": "zefio-landing",
      "hasInstallScript": true,
      "dependencies": {
        "@google/generative-ai": "^0.24.1",
        "nuxt": "^4.4.2",
        "openai": "^6.34.0",
        "vue": "^3.5.32",
        "vue-router": "^5.0.4"
      },
      "devDependencies": {
        "@iconify-json/ph": "^1.2.2",
        "@nuxt/icon": "^2.2.1",
        "@nuxtjs/tailwindcss": "^6.14.0",
        "@pinia/nuxt": "^0.11.3",
        "@vueuse/nuxt": "^14.2.1",
        "pinia": "^3.0.4"
      }
    },
    "../../node_modules/.pnpm/@google+generative-ai@0.24.1/node_modules/@google/generative-ai": {
      "version": "0.24.1",
      "license": "Apache-2.0",
      "devDependencies": {
        "@changesets/cli": "^2.27.1",
        "@esm-bundle/chai": "^4.3.4-fix.0",
        "@microsoft/api-documenter": "^7.23.12",
        "@microsoft/api-extractor": "^7.50.0",
        "@rollup/plugin-json": "^6.0.1",
        "@types/chai": "^4.3.9",
        "@types/chai-as-promised": "^7.1.8",
        "@types/mocha": "^10.0.3",
        "@types/node": "^20.8.10",
        "@types/sinon": "^10.0.20",
        "@types/sinon-chai": "^3.2.11",
        "@typescript-eslint/eslint-plugin": "^6.9.1",
        "@typescript-eslint/eslint-plugin-tslint": "^6.9.1",
        "@typescript-eslint/parser": "^6.9.1",
        "@web/dev-server-esbuild": "^1.0.1",
        "@web/test-runner": "^0.18.0",
        "chai": "^4.3.10",
        "chai-as-promised": "^7.1.1",
        "chai-deep-equal-ignore-undefined": "^1.1.1",
        "eslint": "^8.52.0",
        "eslint-plugin-import": "^2.29.0",
        "eslint-plugin-unused-imports": "^3.0.0",
        "glob": "^10.3.10",
        "mocha": "^10.2.0",
        "prettier": "^3.0.3",
        "rollup": "^4.2.0",
        "rollup-plugin-dts": "^6.1.0",
        "rollup-plugin-replace": "^2.2.0",
        "rollup-plugin-typescript2": "^0.36.0",
        "sinon": "^17.0.1",
        "sinon-chai": "^3.7.0",
        "ts-node": "^10.9.1",
        "tslint": "^6.1.3",
        "typescript": "5.2.2"
      },
      "engines": {
        "node": ">=18.0.0"
      }
    },
    "../../node_modules/.pnpm/@nuxt+icon@2.2.1_magicast@0_3bfe22e4e60a8dde82ca3f3b0d8140da/node_modules/@nuxt/icon": {
      "version": "2.2.1",
      "dev": true,
      "license": "MIT",
      "dependencies": {
        "@iconify/collections": "^1.0.641",
        "@iconify/types": "^2.0.0",
        "@iconify/utils": "^3.1.0",
        "@iconify/vue": "^5.0.0",
        "@nuxt/devtools-kit": "^3.1.1",
        "@nuxt/kit": "^4.2.2",
        "consola": "^3.4.2",
        "local-pkg": "^1.1.2",
        "mlly": "^1.8.0",
        "ohash": "^2.0.11",
        "pathe": "^2.0.3",
        "picomatch": "^4.0.3",
        "std-env": "^3.10.0",
        "tinyglobby": "^0.2.15"
      },
      "devDependencies": {
        "@iconify-json/fluent-emoji-high-contrast": "^1.2.5",
        "@iconify-json/logos": "^1.2.10",
        "@iconify-json/ph": "^1.2.2",
        "@iconify-json/simple-icons": "^1.2.67",
        "@iconify-json/solar": "^1.2.5",
        "@iconify-json/uil": "^1.2.3",
        "@nuxt/devtools": "^3.1.1",
        "@nuxt/eslint-config": "^1.12.1",
        "@nuxt/module-builder": "^1.0.2",
        "@nuxt/schema": "^4.2.2",
        "@nuxt/test-utils": "^3.23.0",
        "@types/node": "^25.0.9",
        "@types/picomatch": "^4.0.2",
        "@unocss/nuxt": "^66.6.0",
        "bumpp": "^10.4.0",
        "changelogen": "^0.6.2",
        "eslint": "^9.39.2",
        "nuxt": "^4.2.2",
        "nuxthub": "^0.9.4",
        "prettier": "^3.8.0",
        "typescript": "~5.9.3",
        "untyped": "^2.0.0",
        "vite": "^7.3.1",
        "vue-tsc": "^3.2.2"
      }
    },
    "../../node_modules/.pnpm/@nuxtjs+tailwindcss@6.14.0__1f4f5c78735487385f430e9599e07f1b/node_modules/@nuxtjs/tailwindcss": {
      "version": "6.14.0",
      "dev": true,
      "license": "MIT",
      "dependencies": {
        "@nuxt/kit": "^3.16.0",
        "autoprefixer": "^10.4.20",
        "c12": "^3.0.2",
        "consola": "^3.4.0",
        "defu": "^6.1.4",
        "h3": "^1.15.1",
        "klona": "^2.0.6",
        "ohash": "^2.0.11",
        "pathe": "^2.0.3",
        "pkg-types": "^2.1.0",
        "postcss": "^8.5.3",
        "postcss-nesting": "^13.0.1",
        "tailwind-config-viewer": "^2.0.4",
        "tailwindcss": "~3.4.17",
        "ufo": "^1.5.4",
        "unctx": "^2.4.1"
      },
      "devDependencies": {
        "@fontsource/inter": "^5.2.5",
        "@nuxt/content": "^2.13.4",
        "@nuxt/devtools": "^2.2.1",
        "@nuxt/eslint-config": "^0.7.6",
        "@nuxt/module-builder": "^0.8.4",
        "@nuxt/test-utils": "^3.17.1",
        "@tailwindcss/typography": "^0.5.16",
        "changelogen": "^0.5.7",
        "destr": "^2.0.3",
        "eslint": "^9.21.0",
        "happy-dom": "^16.8.1",
        "nuxt": "^3.16.0",
        "typescript": "5.6.3",
        "vitest": "^3.0.8",
        "vue-tsc": "^2.2.8"
      }
    },
    "../../node_modules/.pnpm/@pinia+nuxt@0.11.3_magicast_7cac01a16a3608d7120c7dbb2c613564/node_modules/@pinia/nuxt": {
      "version": "0.11.3",
      "dev": true,
      "license": "MIT",
      "dependencies": {
        "@nuxt/kit": "^4.2.0"
      },
      "devDependencies": {
        "@nuxt/module-builder": "1.0.2",
        "@nuxt/schema": "^4.2.0",
        "@nuxt/test-utils": "^3.20.1",
        "nuxt": "^4.2.0",
        "pinia": "^3.0.4",
        "typescript": "^5.9.3",
        "vue-tsc": "^3.1.3"
      },
      "funding": {
        "url": "https://github.com/sponsors/posva"
      },
      "peerDependencies": {
        "pinia": "^3.0.4"
      }
    },
    "../../node_modules/.pnpm/@vueuse+nuxt@14.3.0_magicas_bd6a15161cb3119cb47d888fd2e9b3c7/node_modules/@vueuse/nuxt": {
      "version": "14.3.0",
      "dev": true,
      "license": "MIT",
      "dependencies": {
        "@nuxt/kit": "^4.4.4",
        "@vueuse/core": "14.3.0",
        "@vueuse/metadata": "14.3.0",
        "local-pkg": "^1.1.2"
      },
      "devDependencies": {
        "@nuxt/schema": "^4.4.4",
        "nuxt": "^4.4.4",
        "unimport": "^6.2.0"
      },
      "funding": {
        "url": "https://github.com/sponsors/antfu"
      },
      "peerDependencies": {
        "nuxt": "^3.0.0 || ^4.0.0-0",
        "vue": "^3.5.0"
      }
    },
    "../../node_modules/.pnpm/nuxt@4.4.4_@babel+core@7.29_3e7f8a918c7007194ee35b3c6b8e21e2/node_modules/nuxt": {
      "version": "4.4.4",
      "license": "MIT",
      "dependencies": {
        "@dxup/nuxt": "^0.4.1",
        "@nuxt/cli": "^3.35.1",
        "@nuxt/devtools": "^3.2.4",
        "@nuxt/kit": "4.4.4",
        "@nuxt/nitro-server": "4.4.4",
        "@nuxt/schema": "4.4.4",
        "@nuxt/telemetry": "^2.8.0",
        "@nuxt/vite-builder": "4.4.4",
        "@unhead/vue": "^2.1.13",
        "@vue/shared": "^3.5.33",
        "chokidar": "^5.0.0",
        "compatx": "^0.2.0",
        "consola": "^3.4.2",
        "cookie-es": "^2.0.1",
        "defu": "^6.1.7",
        "devalue": "^5.7.1",
        "errx": "^0.1.0",
        "escape-string-regexp": "^5.0.0",
        "exsolve": "^1.0.8",
        "hookable": "^6.1.1",
        "ignore": "^7.0.5",
        "impound": "^1.1.5",
        "jiti": "^2.6.1",
        "klona": "^2.0.6",
        "knitwork": "^1.3.0",
        "magic-string": "^0.30.21",
        "mlly": "^1.8.2",
        "nanotar": "^0.3.0",
        "nypm": "^0.6.6",
        "ofetch": "^1.5.1",
        "ohash": "^2.0.11",
        "on-change": "^6.0.2",
        "oxc-minify": "^0.128.0",
        "oxc-parser": "^0.128.0",
        "oxc-transform": "^0.128.0",
        "oxc-walker": "^0.7.0",
        "pathe": "^2.0.3",
        "perfect-debounce": "^2.1.0",
        "picomatch": "^4.0.4",
        "pkg-types": "^2.3.1",
        "rou3": "^0.8.1",
        "scule": "^1.3.0",
        "semver": "^7.7.4",
        "std-env": "^4.1.0",
        "tinyglobby": "^0.2.16",
        "ufo": "^1.6.4",
        "ultrahtml": "^1.6.0",
        "uncrypto": "^0.1.3",
        "unctx": "^2.5.0",
        "unimport": "^6.2.0",
        "unplugin": "^3.0.0",
        "unrouting": "^0.1.7",
        "untyped": "^2.0.0",
        "vue": "^3.5.33",
        "vue-router": "^5.0.6"
      },
      "bin": {
        "nuxi": "bin/nuxt.mjs",
        "nuxt": "bin/nuxt.mjs"
      },
      "devDependencies": {
        "@nuxt/scripts": "1.0.4",
        "@parcel/watcher": "2.5.6",
        "@types/estree": "1.0.8",
        "@types/picomatch": "4.0.3",
        "@vitejs/plugin-vue": "6.0.6",
        "@vitejs/plugin-vue-jsx": "5.1.5",
        "@vue/compiler-sfc": "3.5.33",
        "unbuild": "3.6.1",
        "vite": "7.3.2",
        "vitest": "4.1.5",
        "vue-bundle-renderer": "2.2.0",
        "vue-sfc-transformer": "0.1.17"
      },
      "engines": {
        "node": "^20.19.0 || >=22.12.0"
      },
      "peerDependencies": {
        "@parcel/watcher": "^2.1.0",
        "@types/node": ">=18.12.0"
      },
      "peerDependenciesMeta": {
        "@parcel/watcher": {
          "optional": true
        },
        "@types/node": {
          "optional": true
        }
      }
    },
    "../../node_modules/.pnpm/openai@6.35.0_ws@8.20.0/node_modules/openai": {
      "version": "6.35.0",
      "license": "Apache-2.0",
      "bin": {
        "openai": "bin/cli"
      },
      "peerDependencies": {
        "ws": "^8.18.0",
        "zod": "^3.25 || ^4.0"
      },
      "peerDependenciesMeta": {
        "ws": {
          "optional": true
        },
        "zod": {
          "optional": true
        }
      }
    },
    "../../node_modules/.pnpm/pinia@3.0.4_typescript@5.9.3_vue@3.5.33_typescript@5.9.3_/node_modules/pinia": {
      "version": "3.0.4",
      "dev": true,
      "license": "MIT",
      "dependencies": {
        "@vue/devtools-api": "^7.7.7"
      },
      "devDependencies": {
        "@microsoft/api-extractor": "7.53.3",
        "@vue/test-utils": "^2.4.6"
      },
      "funding": {
        "url": "https://github.com/sponsors/posva"
      },
      "peerDependencies": {
        "typescript": ">=4.5.0",
        "vue": "^3.5.11"
      },
      "peerDependenciesMeta": {
        "typescript": {
          "optional": true
        }
      }
    },
    "../../node_modules/.pnpm/vue-router@5.0.6_@vue+compi_8ced9f759acd77d1644f2255502eb292/node_modules/vue-router": {
      "version": "5.0.6",
      "license": "MIT",
      "dependencies": {
        "@babel/generator": "^7.28.6",
        "@vue-macros/common": "^3.1.1",
        "@vue/devtools-api": "^8.0.6",
        "ast-walker-scope": "^0.8.3",
        "chokidar": "^5.0.0",
        "json5": "^2.2.3",
        "local-pkg": "^1.1.2",
        "magic-string": "^0.30.21",
        "mlly": "^1.8.0",
        "muggle-string": "^0.4.1",
        "pathe": "^2.0.3",
        "picomatch": "^4.0.3",
        "scule": "^1.3.0",
        "tinyglobby": "^0.2.15",
        "unplugin": "^3.0.0",
        "unplugin-utils": "^0.3.1",
        "yaml": "^2.8.2"
      },
      "devDependencies": {
        "@babel/types": "^7.29.0",
        "@pinia/colada": "^0.21.2",
        "@playwright/test": "^1.58.1",
        "@rollup/plugin-commonjs": "^28.0.9",
        "@rollup/plugin-node-resolve": "^16.0.3",
        "@rollup/plugin-replace": "^6.0.3",
        "@rollup/plugin-terser": "^0.4.4",
        "@standard-schema/spec": "^1.1.0",
        "@types/babel__generator": "^7.27.0",
        "@types/nightwatch": "^2.3.32",
        "@types/picomatch": "^4.0.2",
        "@typescript/native-preview": "7.0.0-dev.20260106.1",
        "@vitejs/plugin-vue": "^6.0.4",
        "@vue/compiler-sfc": "3.6.0-beta.2",
        "@vue/language-core": "^3.2.1",
        "@vue/server-renderer": "3.6.0-beta.2",
        "@vue/test-utils": "^2.4.6",
        "browserstack-local": "^1.5.8",
        "chromedriver": "^144.0.1",
        "connect-history-api-fallback": "^2.0.0",
        "dotenv": "^17.2.3",
        "faked-promise": "^2.2.2",
        "geckodriver": "^6.1.0",
        "happy-dom": "^20.5.0",
        "nightwatch": "^3.15.0",
        "nightwatch-helpers": "^1.2.0",
        "pinia": "^3.0.4",
        "rimraf": "^6.1.2",
        "rollup": "^4.57.1",
        "rollup-plugin-typescript2": "^0.36.0",
        "tsdown": "^0.20.1",
        "tsup": "^8.5.1",
        "valibot": "^1.3.1",
        "vite": "^7.3.0",
        "vue": "3.6.0-beta.2",
        "zod": "^4.3.6"
      },
      "funding": {
        "url": "https://github.com/sponsors/posva"
      },
      "peerDependencies": {
        "@pinia/colada": ">=0.21.2",
        "@vue/compiler-sfc": "^3.5.17",
        "pinia": "^3.0.4",
        "vue": "^3.5.0"
      },
      "peerDependenciesMeta": {
        "@pinia/colada": {
          "optional": true
        },
        "@vue/compiler-sfc": {
          "optional": true
        },
        "pinia": {
          "optional": true
        }
      }
    },
    "../../node_modules/.pnpm/vue@3.5.33_typescript@5.9.3/node_modules/vue": {
      "version": "3.5.33",
      "license": "MIT",
      "dependencies": {
        "@vue/compiler-dom": "3.5.33",
        "@vue/compiler-sfc": "3.5.33",
        "@vue/runtime-dom": "3.5.33",
        "@vue/server-renderer": "3.5.33",
        "@vue/shared": "3.5.33"
      },
      "peerDependencies": {
        "typescript": "*"
      },
      "peerDependenciesMeta": {
        "typescript": {
          "optional": true
        }
      }
    },
    "node_modules/@google/generative-ai": {
      "resolved": "../../node_modules/.pnpm/@google+generative-ai@0.24.1/node_modules/@google/generative-ai",
      "link": true
    },
    "node_modules/@iconify-json/ph": {
      "version": "1.2.2",
      "resolved": "https://registry.npmjs.org/@iconify-json/ph/-/ph-1.2.2.tgz",
      "integrity": "sha512-PgkEZNtqa8hBGjHXQa4pMwZa93hmfu8FUSjs/nv4oUU6yLsgv+gh9nu28Kqi8Fz9CCVu4hj1MZs9/60J57IzFw==",
      "dev": true,
      "dependencies": {
        "@iconify/types": "*"
      }
    },
    "node_modules/@iconify/types": {
      "version": "2.0.0",
      "resolved": "https://registry.npmjs.org/@iconify/types/-/types-2.0.0.tgz",
      "integrity": "sha512-+wluvCrRhXrhyOmRDJ3q8mux9JkKy5SJ/v8ol2tu4FVjyYvtEzkc/3pK15ET6RKg4b4w4BmTk1+gsCUhf21Ykg==",
      "dev": true
    },
    "node_modules/@nuxt/icon": {
      "resolved": "../../node_modules/.pnpm/@nuxt+icon@2.2.1_magicast@0_3bfe22e4e60a8dde82ca3f3b0d8140da/node_modules/@nuxt/icon",
      "link": true
    },
    "node_modules/@nuxtjs/tailwindcss": {
      "resolved": "../../node_modules/.pnpm/@nuxtjs+tailwindcss@6.14.0__1f4f5c78735487385f430e9599e07f1b/node_modules/@nuxtjs/tailwindcss",
      "link": true
    },
    "node_modules/@pinia/nuxt": {
      "resolved": "../../node_modules/.pnpm/@pinia+nuxt@0.11.3_magicast_7cac01a16a3608d7120c7dbb2c613564/node_modules/@pinia/nuxt",
      "link": true
    },
    "node_modules/@vueuse/nuxt": {
      "resolved": "../../node_modules/.pnpm/@vueuse+nuxt@14.3.0_magicas_bd6a15161cb3119cb47d888fd2e9b3c7/node_modules/@vueuse/nuxt",
      "link": true
    },
    "node_modules/nuxt": {
      "resolved": "../../node_modules/.pnpm/nuxt@4.4.4_@babel+core@7.29_3e7f8a918c7007194ee35b3c6b8e21e2/node_modules/nuxt",
      "link": true
    },
    "node_modules/openai": {
      "resolved": "../../node_modules/.pnpm/openai@6.35.0_ws@8.20.0/node_modules/openai",
      "link": true
    },
    "node_modules/pinia": {
      "resolved": "../../node_modules/.pnpm/pinia@3.0.4_typescript@5.9.3_vue@3.5.33_typescript@5.9.3_/node_modules/pinia",
      "link": true
    },
    "node_modules/vue": {
      "resolved": "../../node_modules/.pnpm/vue@3.5.33_typescript@5.9.3/node_modules/vue",
      "link": true
    },
    "node_modules/vue-router": {
      "resolved": "../../node_modules/.pnpm/vue-router@5.0.6_@vue+compi_8ced9f759acd77d1644f2255502eb292/node_modules/vue-router",
      "link": true
    }
  },
  "dependencies": {
    "@google/generative-ai": {
      "version": "file:../../node_modules/.pnpm/@google+generative-ai@0.24.1/node_modules/@google/generative-ai",
      "requires": {
        "@changesets/cli": "^2.27.1",
        "@esm-bundle/chai": "^4.3.4-fix.0",
        "@microsoft/api-documenter": "^7.23.12",
        "@microsoft/api-extractor": "^7.50.0",
        "@rollup/plugin-json": "^6.0.1",
        "@types/chai": "^4.3.9",
        "@types/chai-as-promised": "^7.1.8",
        "@types/mocha": "^10.0.3",
        "@types/node": "^20.8.10",
        "@types/sinon": "^10.0.20",
        "@types/sinon-chai": "^3.2.11",
        "@typescript-eslint/eslint-plugin": "^6.9.1",
        "@typescript-eslint/eslint-plugin-tslint": "^6.9.1",
        "@typescript-eslint/parser": "^6.9.1",
        "@web/dev-server-esbuild": "^1.0.1",
        "@web/test-runner": "^0.18.0",
        "chai": "^4.3.10",
        "chai-as-promised": "^7.1.1",
        "chai-deep-equal-ignore-undefined": "^1.1.1",
        "eslint": "^8.52.0",
        "eslint-plugin-import": "^2.29.0",
        "eslint-plugin-unused-imports": "^3.0.0",
        "glob": "^10.3.10",
        "mocha": "^10.2.0",
        "prettier": "^3.0.3",
        "rollup": "^4.2.0",
        "rollup-plugin-dts": "^6.1.0",
        "rollup-plugin-replace": "^2.2.0",
        "rollup-plugin-typescript2": "^0.36.0",
        "sinon": "^17.0.1",
        "sinon-chai": "^3.7.0",
        "ts-node": "^10.9.1",
        "tslint": "^6.1.3",
        "typescript": "5.2.2"
      }
    },
    "@iconify-json/ph": {
      "version": "1.2.2",
      "resolved": "https://registry.npmjs.org/@iconify-json/ph/-/ph-1.2.2.tgz",
      "integrity": "sha512-PgkEZNtqa8hBGjHXQa4pMwZa93hmfu8FUSjs/nv4oUU6yLsgv+gh9nu28Kqi8Fz9CCVu4hj1MZs9/60J57IzFw==",
      "dev": true,
      "requires": {
        "@iconify/types": "*"
      }
    },
    "@iconify/types": {
      "version": "2.0.0",
      "resolved": "https://registry.npmjs.org/@iconify/types/-/types-2.0.0.tgz",
      "integrity": "sha512-+wluvCrRhXrhyOmRDJ3q8mux9JkKy5SJ/v8ol2tu4FVjyYvtEzkc/3pK15ET6RKg4b4w4BmTk1+gsCUhf21Ykg==",
      "dev": true
    },
    "@nuxt/icon": {
      "version": "file:../../node_modules/.pnpm/@nuxt+icon@2.2.1_magicast@0_3bfe22e4e60a8dde82ca3f3b0d8140da/node_modules/@nuxt/icon",
      "requires": {
        "@iconify-json/fluent-emoji-high-contrast": "^1.2.5",
        "@iconify-json/logos": "^1.2.10",
        "@iconify-json/ph": "^1.2.2",
        "@iconify-json/simple-icons": "^1.2.67",
        "@iconify-json/solar": "^1.2.5",
        "@iconify-json/uil": "^1.2.3",
        "@iconify/collections": "^1.0.641",
        "@iconify/types": "^2.0.0",
        "@iconify/utils": "^3.1.0",
        "@iconify/vue": "^5.0.0",
        "@nuxt/devtools": "^3.1.1",
        "@nuxt/devtools-kit": "^3.1.1",
        "@nuxt/eslint-config": "^1.12.1",
        "@nuxt/kit": "^4.2.2",
        "@nuxt/module-builder": "^1.0.2",
        "@nuxt/schema": "^4.2.2",
        "@nuxt/test-utils": "^3.23.0",
        "@types/node": "^25.0.9",
        "@types/picomatch": "^4.0.2",
        "@unocss/nuxt": "^66.6.0",
        "bumpp": "^10.4.0",
        "changelogen": "^0.6.2",
        "consola": "^3.4.2",
        "eslint": "^9.39.2",
        "local-pkg": "^1.1.2",
        "mlly": "^1.8.0",
        "nuxt": "^4.2.2",
        "nuxthub": "^0.9.4",
        "ohash": "^2.0.11",
        "pathe": "^2.0.3",
        "picomatch": "^4.0.3",
        "prettier": "^3.8.0",
        "std-env": "^3.10.0",
        "tinyglobby": "^0.2.15",
        "typescript": "~5.9.3",
        "untyped": "^2.0.0",
        "vite": "^7.3.1",
        "vue-tsc": "^3.2.2"
      }
    },
    "@nuxtjs/tailwindcss": {
      "version": "file:../../node_modules/.pnpm/@nuxtjs+tailwindcss@6.14.0__1f4f5c78735487385f430e9599e07f1b/node_modules/@nuxtjs/tailwindcss",
      "requires": {
        "@fontsource/inter": "^5.2.5",
        "@nuxt/content": "^2.13.4",
        "@nuxt/devtools": "^2.2.1",
        "@nuxt/eslint-config": "^0.7.6",
        "@nuxt/kit": "^3.16.0",
        "@nuxt/module-builder": "^0.8.4",
        "@nuxt/test-utils": "^3.17.1",
        "@tailwindcss/typography": "^0.5.16",
        "autoprefixer": "^10.4.20",
        "c12": "^3.0.2",
        "changelogen": "^0.5.7",
        "consola": "^3.4.0",
        "defu": "^6.1.4",
        "destr": "^2.0.3",
        "eslint": "^9.21.0",
        "h3": "^1.15.1",
        "happy-dom": "^16.8.1",
        "klona": "^2.0.6",
        "nuxt": "^3.16.0",
        "ohash": "^2.0.11",
        "pathe": "^2.0.3",
        "pkg-types": "^2.1.0",
        "postcss": "^8.5.3",
        "postcss-nesting": "^13.0.1",
        "tailwind-config-viewer": "^2.0.4",
        "tailwindcss": "~3.4.17",
        "typescript": "5.6.3",
        "ufo": "^1.5.4",
        "unctx": "^2.4.1",
        "vitest": "^3.0.8",
        "vue-tsc": "^2.2.8"
      }
    },
    "@pinia/nuxt": {
      "version": "file:../../node_modules/.pnpm/@pinia+nuxt@0.11.3_magicast_7cac01a16a3608d7120c7dbb2c613564/node_modules/@pinia/nuxt",
      "requires": {
        "@nuxt/kit": "^4.2.0",
        "@nuxt/module-builder": "1.0.2",
        "@nuxt/schema": "^4.2.0",
        "@nuxt/test-utils": "^3.20.1",
        "nuxt": "^4.2.0",
        "pinia": "^3.0.4",
        "typescript": "^5.9.3",
        "vue-tsc": "^3.1.3"
      }
    },
    "@vueuse/nuxt": {
      "version": "file:../../node_modules/.pnpm/@vueuse+nuxt@14.3.0_magicas_bd6a15161cb3119cb47d888fd2e9b3c7/node_modules/@vueuse/nuxt",
      "requires": {
        "@nuxt/kit": "^4.4.4",
        "@nuxt/schema": "^4.4.4",
        "@vueuse/core": "14.3.0",
        "@vueuse/metadata": "14.3.0",
        "local-pkg": "^1.1.2",
        "nuxt": "^4.4.4",
        "unimport": "^6.2.0"
      }
    },
    "nuxt": {
      "version": "file:../../node_modules/.pnpm/nuxt@4.4.4_@babel+core@7.29_3e7f8a918c7007194ee35b3c6b8e21e2/node_modules/nuxt",
      "requires": {
        "@dxup/nuxt": "^0.4.1",
        "@nuxt/cli": "^3.35.1",
        "@nuxt/devtools": "^3.2.4",
        "@nuxt/kit": "4.4.4",
        "@nuxt/nitro-server": "4.4.4",
        "@nuxt/schema": "4.4.4",
        "@nuxt/scripts": "1.0.4",
        "@nuxt/telemetry": "^2.8.0",
        "@nuxt/vite-builder": "4.4.4",
        "@parcel/watcher": "2.5.6",
        "@types/estree": "1.0.8",
        "@types/picomatch": "4.0.3",
        "@unhead/vue": "^2.1.13",
        "@vitejs/plugin-vue": "6.0.6",
        "@vitejs/plugin-vue-jsx": "5.1.5",
        "@vue/compiler-sfc": "3.5.33",
        "@vue/shared": "^3.5.33",
        "chokidar": "^5.0.0",
        "compatx": "^0.2.0",
        "consola": "^3.4.2",
        "cookie-es": "^2.0.1",
        "defu": "^6.1.7",
        "devalue": "^5.7.1",
        "errx": "^0.1.0",
        "escape-string-regexp": "^5.0.0",
        "exsolve": "^1.0.8",
        "hookable": "^6.1.1",
        "ignore": "^7.0.5",
        "impound": "^1.1.5",
        "jiti": "^2.6.1",
        "klona": "^2.0.6",
        "knitwork": "^1.3.0",
        "magic-string": "^0.30.21",
        "mlly": "^1.8.2",
        "nanotar": "^0.3.0",
        "nypm": "^0.6.6",
        "ofetch": "^1.5.1",
        "ohash": "^2.0.11",
        "on-change": "^6.0.2",
        "oxc-minify": "^0.128.0",
        "oxc-parser": "^0.128.0",
        "oxc-transform": "^0.128.0",
        "oxc-walker": "^0.7.0",
        "pathe": "^2.0.3",
        "perfect-debounce": "^2.1.0",
        "picomatch": "^4.0.4",
        "pkg-types": "^2.3.1",
        "rou3": "^0.8.1",
        "scule": "^1.3.0",
        "semver": "^7.7.4",
        "std-env": "^4.1.0",
        "tinyglobby": "^0.2.16",
        "ufo": "^1.6.4",
        "ultrahtml": "^1.6.0",
        "unbuild": "3.6.1",
        "uncrypto": "^0.1.3",
        "unctx": "^2.5.0",
        "unimport": "^6.2.0",
        "unplugin": "^3.0.0",
        "unrouting": "^0.1.7",
        "untyped": "^2.0.0",
        "vite": "7.3.2",
        "vitest": "4.1.5",
        "vue": "^3.5.33",
        "vue-bundle-renderer": "2.2.0",
        "vue-router": "^5.0.6",
        "vue-sfc-transformer": "0.1.17"
      }
    },
    "openai": {
      "version": "file:../../node_modules/.pnpm/openai@6.35.0_ws@8.20.0/node_modules/openai",
      "requires": {}
    },
    "pinia": {
      "version": "file:../../node_modules/.pnpm/pinia@3.0.4_typescript@5.9.3_vue@3.5.33_typescript@5.9.3_/node_modules/pinia",
      "requires": {
        "@microsoft/api-extractor": "7.53.3",
        "@vue/devtools-api": "^7.7.7",
        "@vue/test-utils": "^2.4.6"
      }
    },
    "vue": {
      "version": "file:../../node_modules/.pnpm/vue@3.5.33_typescript@5.9.3/node_modules/vue",
      "requires": {
        "@vue/compiler-dom": "3.5.33",
        "@vue/compiler-sfc": "3.5.33",
        "@vue/runtime-dom": "3.5.33",
        "@vue/server-renderer": "3.5.33",
        "@vue/shared": "3.5.33"
      }
    },
    "vue-router": {
      "version": "file:../../node_modules/.pnpm/vue-router@5.0.6_@vue+compi_8ced9f759acd77d1644f2255502eb292/node_modules/vue-router",
      "requires": {
        "@babel/generator": "^7.28.6",
        "@babel/types": "^7.29.0",
        "@pinia/colada": "^0.21.2",
        "@playwright/test": "^1.58.1",
        "@rollup/plugin-commonjs": "^28.0.9",
        "@rollup/plugin-node-resolve": "^16.0.3",
        "@rollup/plugin-replace": "^6.0.3",
        "@rollup/plugin-terser": "^0.4.4",
        "@standard-schema/spec": "^1.1.0",
        "@types/babel__generator": "^7.27.0",
        "@types/nightwatch": "^2.3.32",
        "@types/picomatch": "^4.0.2",
        "@typescript/native-preview": "7.0.0-dev.20260106.1",
        "@vitejs/plugin-vue": "^6.0.4",
        "@vue-macros/common": "^3.1.1",
        "@vue/compiler-sfc": "3.6.0-beta.2",
        "@vue/devtools-api": "^8.0.6",
        "@vue/language-core": "^3.2.1",
        "@vue/server-renderer": "3.6.0-beta.2",
        "@vue/test-utils": "^2.4.6",
        "ast-walker-scope": "^0.8.3",
        "browserstack-local": "^1.5.8",
        "chokidar": "^5.0.0",
        "chromedriver": "^144.0.1",
        "connect-history-api-fallback": "^2.0.0",
        "dotenv": "^17.2.3",
        "faked-promise": "^2.2.2",
        "geckodriver": "^6.1.0",
        "happy-dom": "^20.5.0",
        "json5": "^2.2.3",
        "local-pkg": "^1.1.2",
        "magic-string": "^0.30.21",
        "mlly": "^1.8.0",
        "muggle-string": "^0.4.1",
        "nightwatch": "^3.15.0",
        "nightwatch-helpers": "^1.2.0",
        "pathe": "^2.0.3",
        "picomatch": "^4.0.3",
        "pinia": "^3.0.4",
        "rimraf": "^6.1.2",
        "rollup": "^4.57.1",
        "rollup-plugin-typescript2": "^0.36.0",
        "scule": "^1.3.0",
        "tinyglobby": "^0.2.15",
        "tsdown": "^0.20.1",
        "tsup": "^8.5.1",
        "unplugin": "^3.0.0",
        "unplugin-utils": "^0.3.1",
        "valibot": "^1.3.1",
        "vite": "^7.3.0",
        "vue": "3.6.0-beta.2",
        "yaml": "^2.8.2",
        "zod": "^4.3.6"
      }
    }
  }
}
